
Microsoft Visual Studio Solution File, Format Version 12.00
# Visual Studio Version 17
VisualStudioVersion = 17.5.33516.290
MinimumVisualStudioVersion = 10.0.40219.1
Project("{FAE04EC0-301F-11D3-BF4B-00C04F79EFBC}") = "MgTechBiz.TikTok.ContentPosting.Helpers", "MgTechBiz.TikTok.ContentPosting.Helpers\MgTechBiz.TikTok.ContentPosting.Helpers.csproj", "{310BD4C0-98BD-4C52-93FC-5E7C6137E27B}"
EndProject
Global
	GlobalSection(SolutionConfigurationPlatforms) = preSolution
		Debug|Any CPU = Debug|Any CPU
		Release|Any CPU = Release|Any CPU
	EndGlobalSection
	GlobalSection(ProjectConfigurationPlatforms) = postSolution
		{310BD4C0-98BD-4C52-93FC-5E7C6137E27B}.Debug|Any CPU.ActiveCfg = Debug|Any CPU
		{310BD4C0-98BD-4C52-93FC-5E7C6137E27B}.Debug|Any CPU.Build.0 = Debug|Any CPU
		{310BD4C0-98BD-4C52-93FC-5E7C6137E27B}.Release|Any CPU.ActiveCfg = Release|Any CPU
		{310BD4C0-98BD-4C52-93FC-5E7C6137E27B}.Release|Any CPU.Build.0 = Release|Any CPU
	EndGlobalSection
	GlobalSection(SolutionProperties) = preSolution
		HideSolutionNode = FALSE
	EndGlobalSection
	GlobalSection(ExtensibilityGlobals) = postSolution
		SolutionGuid = {CC1891B4-0D22-44E9-9EF0-FE6CDD66BF9C}
	EndGlobalSection
EndGlobal
